
Microsoft Visual Studio Solution File, Format Version 12.00
# Visual Studio Version 17
VisualStudioVersion = 17.10.34916.146
MinimumVisualStudioVersion = 10.0.40219.1
Project("{FAE04EC0-301F-11D3-BF4B-00C04F79EFBC}") = "exercise3", "exercise3\exercise3.csproj", "{B77946C3-04F6-4970-94B7-C5CD700B9B58}"
EndProject
Global
	GlobalSection(SolutionConfigurationPlatforms) = preSolution
		Debug|Any CPU = Debug|Any CPU
		Release|Any CPU = Release|Any CPU
	EndGlobalSection
	GlobalSection(ProjectConfigurationPlatforms) = postSolution
		{B77946C3-04F6-4970-94B7-C5CD700B9B58}.Debug|Any CPU.ActiveCfg = Debug|Any CPU
		{B77946C3-04F6-4970-94B7-C5CD700B9B58}.Debug|Any CPU.Build.0 = Debug|Any CPU
		{B77946C3-04F6-4970-94B7-C5CD700B9B58}.Release|Any CPU.ActiveCfg = Release|Any CPU
		{B77946C3-04F6-4970-94B7-C5CD700B9B58}.Release|Any CPU.Build.0 = Release|Any CPU
	EndGlobalSection
	GlobalSection(SolutionProperties) = preSolution
		HideSolutionNode = FALSE
	EndGlobalSection
	GlobalSection(ExtensibilityGlobals) = postSolution
		SolutionGuid = {3F111110-268A-4C65-A673-65A7A9D6A9E4}
	EndGlobalSection
EndGlobal
